schema: '2.0'
stages:
  data_ingestion:
    cmd: python src/data_ingestion.py
    deps:
    - path: src/data_ingestion.py
      hash: md5
      md5: 11b643639604082594454b124ac04bb0
      size: 3644
    params:
      params.yaml:
        data_ingestion.test_size: 0.3
    outs:
    - path: data/raw
      hash: md5
      md5: 47aa3f6bfdbd4ea42f8fe943c06e1a0c.dir
      size: 484846
      nfiles: 2
  data_preprocessing:
    cmd: python src/data_preprocessing.py
    deps:
    - path: data/raw
      hash: md5
      md5: 47aa3f6bfdbd4ea42f8fe943c06e1a0c.dir
      size: 484846
      nfiles: 2
    - path: src/data_preprocessing.py
      hash: md5
      md5: ae0059b79590609927f72e3c373f1865
      size: 3973
    outs:
    - path: data/interim
      hash: md5
      md5: 7b2c6b1dc54c35d7b238c2a8bbe4b809.dir
      size: 261109
      nfiles: 2
  feature_engineering:
    cmd: python src/feature_engineering.py
    deps:
    - path: data/interim
      hash: md5
      md5: 7b2c6b1dc54c35d7b238c2a8bbe4b809.dir
      size: 261109
      nfiles: 2
    - path: src/feature_engineering.py
      hash: md5
      md5: cf8448c21ab5f64a81b288de0c331814
      size: 3910
    params:
      params.yaml:
        feature_engineering.max_features: 50
    outs:
    - path: data/processed
      hash: md5
      md5: 6ba4b3912b94f763485bf71c59504968.dir
      size: 1067725
      nfiles: 2
  model_building:
    cmd: python src/model_building.py
    deps:
    - path: data/processed
      hash: md5
      md5: 6ba4b3912b94f763485bf71c59504968.dir
      size: 1067725
      nfiles: 2
    - path: src/model_building.py
      hash: md5
      md5: 5dc60418de39125e7a3d3597c196121a
      size: 4483
    params:
      params.yaml:
        model_building.n_estimators: 30
        model_building.random_state: 2
    outs:
    - path: models/model.pkl
      hash: md5
      md5: 8b725a47e29c60be3a6cf87ea8944451
      size: 883828
  model_evaluation:
    cmd: python src/model_evaluation.py
    deps:
    - path: models/model.pkl
      hash: md5
      md5: 8b725a47e29c60be3a6cf87ea8944451
      size: 883828
    - path: src/model_evaluation.py
      hash: md5
      md5: 87e75e0629a02c0ed78854d473881dc9
      size: 4638
    outs:
    - path: reports/metrics.json
      hash: md5
      md5: 0a78181d441013192c8aec8d9bd78673
      size: 144
